// !$*UTF8*$!
{
	archiveVersion = 1;
	classes = {
	};
	objectVersion = 46;
	objects = {

/* Begin PBXBuildFile section */
		1F55FC2D20AD260000E6BCCF /* main.cpp in Sources */ = {isa = PBXBuildFile; fileRef = 1F55FC2C20AD260000E6BCCF /* main.cpp */; };
/* End PBXBuildFile section */

/* Begin PBXCopyFilesBuildPhase section */
		1F55FC2720AD260000E6BCCF /* CopyFiles */ = {
			isa = PBXCopyFilesBuildPhase;
			buildActionMask = 2147483647;
			dstPath = /usr/share/man/man1/;
			dstSubfolderSpec = 0;
			files = (
			);
			runOnlyForDeploymentPostprocessing = 1;
		};
/* End PBXCopyFilesBuildPhase section */

/* Begin PBXFileReference section */
		1F55FC2920AD260000E6BCCF /* LeetCodeAdd Two Number */ = {isa = PBXFileReference; explicitFileType = "compiled.mach-o.executable"; includeInIndex = 0; path = "LeetCodeAdd Two Number"; sourceTree = BUILT_PRODUCTS_DIR; };
		1F55FC2C20AD260000E6BCCF /* main.cpp */ = {isa = PBXFileReference; lastKnownFileType = sourcecode.cpp.cpp; path = main.cpp; sourceTree = "<group>"; };
/* End PBXFileReference section */

/* Begin PBXFrameworksBuildPhase section */
		1F55FC2620AD260000E6BCCF /* Frameworks */ = {
			isa = PBXFrameworksBuildPhase;
			buildActionMask = 2147483647;
			files = (
			);
			runOnlyForDeploymentPostprocessing = 0;
		};
/* End PBXFrameworksBuildPhase section */

/* Begin PBXGroup section */
		1F55FC2020AD260000E6BCCF = {
			isa = PBXGroup;
			children = (
				1F55FC2B20AD260000E6BCCF /* LeetCodeAdd Two Number */,
				1F55FC2A20AD260000E6BCCF /* Products */,
			);
			sourceTree = "<group>";
		};
		1F55FC2A20AD260000E6BCCF /* Products */ = {
			isa = PBXGroup;
			children = (
				1F55FC2920AD260000E6BCCF /* LeetCodeAdd Two Number */,
			);
			name = Products;
			sourceTree = "<group>";
		};
		1F55FC2B20AD260000E6BCCF /* LeetCodeAdd Two Number */ = {
			isa = PBXGroup;
			children = (
				1F55FC2C20AD260000E6BCCF /* main.cpp */,
			);
			path = "LeetCodeAdd Two Number";
			sourceTree = "<group>";
		};
/* End PBXGroup section */

/* Begin PBXNativeTarget section */
		1F55FC2820AD260000E6BCCF /* LeetCodeAdd Two Number */ = {
			isa = PBXNativeTarget;
			buildConfigurationList = 1F55FC3020AD260000E6BCCF /* Build configuration list for PBXNativeTarget "LeetCodeAdd Two Number" */;
			buildPhases = (
				1F55FC2520AD260000E6BCCF /* Sources */,
				1F55FC2620AD260000E6BCCF /* Frameworks */,
				1F55FC2720AD260000E6BCCF /* CopyFiles */,
			);
			buildRules = (
			);
			dependencies = (
			);
			name = "LeetCodeAdd Two Number";
			productName = "LeetCodeAdd Two Number";
			productReference = 1F55FC2920AD260000E6BCCF /* LeetCodeAdd Two Number */;
			productType = "com.apple.product-type.tool";
		};
/* End PBXNativeTarget section */

/* Begin PBXProject section */
		1F55FC2120AD260000E6BCCF /* Project object */ = {
			isa = PBXProject;
			attributes = {
				LastUpgradeCheck = 0720;
				ORGANIZATIONNAME = Neworigin;
				TargetAttributes = {
					1F55FC2820AD260000E6BCCF = {
						CreatedOnToolsVersion = 7.2;
					};
				};
			};
			buildConfigurationList = 1F55FC2420AD260000E6BCCF /* Build configuration list for PBXProject "LeetCodeAdd Two Number" */;
			compatibilityVersion = "Xcode 3.2";
			developmentRegion = English;
			hasScannedForEncodings = 0;
			knownRegions = (
				en,
			);
			mainGroup = 1F55FC2020AD260000E6BCCF;
			productRefGroup = 1F55FC2A20AD260000E6BCCF /* Products */;
			projectDirPath = "";
			projectRoot = "";
			targets = (
				1F55FC2820AD260000E6BCCF /* LeetCodeAdd Two Number */,
			);
		};
/* End PBXProject section */

/* Begin PBXSourcesBuildPhase section */
		1F55FC2520AD260000E6BCCF /* Sources */ = {
			isa = PBXSourcesBuildPhase;
			buildActionMask = 2147483647;
			files = (
				1F55FC2D20AD260000E6BCCF /* main.cpp in Sources */,
			);
			runOnlyForDeploymentPostprocessing = 0;
		};
/* End PBXSourcesBuildPhase section */

/* Begin XCBuildConfiguration section */
		1F55FC2E20AD260000E6BCCF /* Debug */ = {
			isa = XCBuildConfiguration;
			buildSettings = {
				ALWAYS_SEARCH_USER_PATHS = NO;
				CLANG_CXX_LANGUAGE_STANDARD = "gnu++0x";
				CLANG_CXX_LIBRARY = "libc++";
				CLANG_ENABLE_MODULES = YES;
				CLANG_ENABLE_OBJC_ARC = YES;
				CLANG_WARN_BOOL_CONVERSION = YES;
				CLANG_WARN_CONSTANT_CONVERSION = YES;
				CLANG_WARN_DIRECT_OBJC_ISA_USAGE = YES_ERROR;
				CLANG_WARN_EMPTY_BODY = YES;
				CLANG_WARN_ENUM_CONVERSION = YES;
				CLANG_WARN_INT_CONVERSION = YES;
				CLANG_WARN_OBJC_ROOT_CLASS = YES_ERROR;
				CLANG_WARN_UNREACHABLE_CODE = YES;
				CLANG_WARN__DUPLICATE_METHOD_MATCH = YES;
				CODE_SIGN_IDENTITY = "-";
				COPY_PHASE_STRIP = NO;
				DEBUG_INFORMATION_FORMAT = dwarf;
				ENABLE_STRICT_OBJC_MSGSEND = YES;
				ENABLE_TESTABILITY = YES;
				GCC_C_LANGUAGE_STANDARD = gnu99;
				GCC_DYNAMIC_NO_PIC = NO;
				GCC_NO_COMMON_BLOCKS = YES;
				GCC_OPTIMIZATION_LEVEL = 0;
				GCC_PREPROCESSOR_DEFINITIONS = (
					"DEBUG=1",
					"$(inherited)",
				);
				GCC_WARN_64_TO_32_BIT_CONVERSION = YES;
				GCC_WARN_ABOUT_RETURN_TYPE = YES_ERROR;
				GCC_WARN_UNDECLARED_SELECTOR = YES;
				GCC_WARN_UNINITIALIZED_AUTOS = YES_AGGRESSIVE;
				GCC_WARN_UNUSED_FUNCTION = YES;
				GCC_WARN_UNUSED_VARIABLE = YES;
				MACOSX_DEPLOYMENT_TARGET = 10.11;
				MTL_ENABLE_DEBUG_INFO = YES;
				ONLY_ACTIVE_ARCH = YES;
				SDKROOT = macosx;
			};
			name = Debug;
		};
		1F55FC2F20AD260000E6BCCF /* Release */ = {
			isa = XCBuildConfiguration;
			buildSettings = {
				ALWAYS_SEARCH_USER_PATHS = NO;
				CLANG_CXX_LANGUAGE_STANDARD = "gnu++0x";
				CLANG_CXX_LIBRARY = "libc++";
				CLANG_ENABLE_MODULES = YES;
				CLANG_ENABLE_OBJC_ARC = YES;
				CLANG_WARN_BOOL_CONVERSION = YES;
				CLANG_WARN_CONSTANT_CONVERSION = YES;
				CLANG_WARN_DIRECT_OBJC_ISA_USAGE = YES_ERROR;
				CLANG_WARN_EMPTY_BODY = YES;
				CLANG_WARN_ENUM_CONVERSION = YES;
				CLANG_WARN_INT_CONVERSION = YES;
				CLANG_WARN_OBJC_ROOT_CLASS = YES_ERROR;
				CLANG_WARN_UNREACHABLE_CODE = YES;
				CLANG_WARN__DUPLICATE_METHOD_MATCH = YES;
				CODE_SIGN_IDENTITY = "-";
				COPY_PHASE_STRIP = NO;
				DEBUG_INFORMATION_FORMAT = "dwarf-with-dsym";
				ENABLE_NS_ASSERTIONS = NO;
				ENABLE_STRICT_OBJC_MSGSEND = YES;
				GCC_C_LANGUAGE_STANDARD = gnu99;
				GCC_NO_COMMON_BLOCKS = YES;
				GCC_WARN_64_TO_32_BIT_CONVERSION = YES;
				GCC_WARN_ABOUT_RETURN_TYPE = YES_ERROR;
				GCC_WARN_UNDECLARED_SELECTOR = YES;
				GCC_WARN_UNINITIALIZED_AUTOS = YES_AGGRESSIVE;
				GCC_WARN_UNUSED_FUNCTION = YES;
				GCC_WARN_UNUSED_VARIABLE = YES;
				MACOSX_DEPLOYMENT_TARGET = 10.11;
				MTL_ENABLE_DEBUG_INFO = NO;
				SDKROOT = macosx;
			};
			name = Release;
		};
		1F55FC3120AD260000E6BCCF /* Debug */ = {
			isa = XCBuildConfiguration;
			buildSettings = {
				PRODUCT_NAME = "$(TARGET_NAME)";
			};
			name = Debug;
		};
		1F55FC3220AD260000E6BCCF /* Release */ = {
			isa = XCBuildConfiguration;
			buildSettings = {
				PRODUCT_NAME = "$(TARGET_NAME)";
			};
			name = Release;
		};
/* End XCBuildConfiguration section */

/* Begin XCConfigurationList section */
		1F55FC2420AD260000E6BCCF /* Build configuration list for PBXProject "LeetCodeAdd Two Number" */ = {
			isa = XCConfigurationList;
			buildConfigurations = (
				1F55FC2E20AD260000E6BCCF /* Debug */,
				1F55FC2F20AD260000E6BCCF /* Release */,
			);
			defaultConfigurationIsVisible = 0;
			defaultConfigurationName = Release;
		};
		1F55FC3020AD260000E6BCCF /* Build configuration list for PBXNativeTarget "LeetCodeAdd Two Number" */ = {
			isa = XCConfigurationList;
			buildConfigurations = (
				1F55FC3120AD260000E6BCCF /* Debug */,
				1F55FC3220AD260000E6BCCF /* Release */,
			);
			defaultConfigurationIsVisible = 0;
		};
/* End XCConfigurationList section */
	};
	rootObject = 1F55FC2120AD260000E6BCCF /* Project object */;
}
